# THIS IS AN AUTOGENERATED FILE. DO NOT EDIT THIS FILE DIRECTLY.
# yarn lockfile v1


playwright-core@1.26.1:
  version "1.26.1"
  resolved "https://registry.yarnpkg.com/playwright-core/-/playwright-core-1.26.1.tgz#a162f476488312dcf12638d97685144de6ada512"
  integrity sha512-hzFchhhxnEiPc4qVPs9q2ZR+5eKNifY2hQDHtg1HnTTUuphYCBP8ZRb2si+B1TR7BHirgXaPi48LIye5SgrLAA==

playwright@^1.26.1:
  version "1.26.1"
  resolved "https://registry.yarnpkg.com/playwright/-/playwright-1.26.1.tgz#0082c1d6a1c9cefe3f7a593396ad8568746184d0"
  integrity sha512-WQmEdCgYYe8jOEkhkW9QLcK0PB+w1RZztBLYIT10MEEsENYg251cU0IzebDINreQsUt+HCwwRhtdz4weH9ICcQ==
  dependencies:
    playwright-core "1.26.1"
